// !$*UTF8*$!
{
	archiveVersion = 1;
	classes = {
	};
	objectVersion = 50;
	objects = {

/* Begin PBXBuildFile section */
		B32F30EE2281DC8A000D2C6D /* PhotosService.swift in Sources */ = {isa = PBXBuildFile; fileRef = B32F30ED2281DC8A000D2C6D /* PhotosService.swift */; };
		B32F30F02281DD64000D2C6D /* FlickrPhotoSearchService.swift in Sources */ = {isa = PBXBuildFile; fileRef = B32F30EF2281DD64000D2C6D /* FlickrPhotoSearchService.swift */; };
		B32F30F32281EEFA000D2C6D /* PhotoCollectionViewCell.swift in Sources */ = {isa = PBXBuildFile; fileRef = B32F30F22281EEFA000D2C6D /* PhotoCollectionViewCell.swift */; };
		B32F30F522822343000D2C6D /* ImageProvider.swift in Sources */ = {isa = PBXBuildFile; fileRef = B32F30F422822343000D2C6D /* ImageProvider.swift */; };
		B32F30F7228547F1000D2C6D /* APIClient.swift in Sources */ = {isa = PBXBuildFile; fileRef = B32F30F6228547F1000D2C6D /* APIClient.swift */; };
		B32F30F922854824000D2C6D /* URLSessionAPIClient.swift in Sources */ = {isa = PBXBuildFile; fileRef = B32F30F822854824000D2C6D /* URLSessionAPIClient.swift */; };
		B32F30FC22854A0B000D2C6D /* ImageProviderTests.swift in Sources */ = {isa = PBXBuildFile; fileRef = B32F30FB22854A0B000D2C6D /* ImageProviderTests.swift */; };
		B32F30FF22854CE1000D2C6D /* FlickrPhotoSearchServiceTests.swift in Sources */ = {isa = PBXBuildFile; fileRef = B32F30FD22854A1F000D2C6D /* FlickrPhotoSearchServiceTests.swift */; };
		B3DC9B412280A941004A667A /* AppDelegate.swift in Sources */ = {isa = PBXBuildFile; fileRef = B3DC9B402280A941004A667A /* AppDelegate.swift */; };
		B3DC9B432280A941004A667A /* PhotoSearchViewController.swift in Sources */ = {isa = PBXBuildFile; fileRef = B3DC9B422280A941004A667A /* PhotoSearchViewController.swift */; };
		B3DC9B462280A941004A667A /* Main.storyboard in Resources */ = {isa = PBXBuildFile; fileRef = B3DC9B442280A941004A667A /* Main.storyboard */; };
		B3DC9B482280A946004A667A /* Assets.xcassets in Resources */ = {isa = PBXBuildFile; fileRef = B3DC9B472280A946004A667A /* Assets.xcassets */; };
		B3DC9B4B2280A946004A667A /* LaunchScreen.storyboard in Resources */ = {isa = PBXBuildFile; fileRef = B3DC9B492280A946004A667A /* LaunchScreen.storyboard */; };
		B3DC9B632280AC6D004A667A /* Photo.swift in Sources */ = {isa = PBXBuildFile; fileRef = B3DC9B622280AC6D004A667A /* Photo.swift */; };
		B3DC9B652280AD16004A667A /* FlickrPhoto.swift in Sources */ = {isa = PBXBuildFile; fileRef = B3DC9B642280AD16004A667A /* FlickrPhoto.swift */; };
		B3DC9B6C2280B030004A667A /* FlickrPhotoTests.swift in Sources */ = {isa = PBXBuildFile; fileRef = B3DC9B6B2280B030004A667A /* FlickrPhotoTests.swift */; };
		B3DC9B6E2280CDAF004A667A /* FlickrPhotoSearchResult.swift in Sources */ = {isa = PBXBuildFile; fileRef = B3DC9B6D2280CDAF004A667A /* FlickrPhotoSearchResult.swift */; };
		B3DC9B702280D23D004A667A /* FlickrPhotoSearchResultTests.swift in Sources */ = {isa = PBXBuildFile; fileRef = B3DC9B6F2280D23D004A667A /* FlickrPhotoSearchResultTests.swift */; };
/* End PBXBuildFile section */

/* Begin PBXContainerItemProxy section */
		B3DC9B522280A946004A667A /* PBXContainerItemProxy */ = {
			isa = PBXContainerItemProxy;
			containerPortal = B3DC9B352280A941004A667A /* Project object */;
			proxyType = 1;
			remoteGlobalIDString = B3DC9B3C2280A941004A667A;
			remoteInfo = ImageSearchApp;
		};
/* End PBXContainerItemProxy section */

/* Begin PBXFileReference section */
		B32F30ED2281DC8A000D2C6D /* PhotosService.swift */ = {isa = PBXFileReference; lastKnownFileType = sourcecode.swift; path = PhotosService.swift; sourceTree = "<group>"; };
		B32F30EF2281DD64000D2C6D /* FlickrPhotoSearchService.swift */ = {isa = PBXFileReference; lastKnownFileType = sourcecode.swift; path = FlickrPhotoSearchService.swift; sourceTree = "<group>"; };
		B32F30F22281EEFA000D2C6D /* PhotoCollectionViewCell.swift */ = {isa = PBXFileReference; lastKnownFileType = sourcecode.swift; path = PhotoCollectionViewCell.swift; sourceTree = "<group>"; };
		B32F30F422822343000D2C6D /* ImageProvider.swift */ = {isa = PBXFileReference; lastKnownFileType = sourcecode.swift; path = ImageProvider.swift; sourceTree = "<group>"; };
		B32F30F6228547F1000D2C6D /* APIClient.swift */ = {isa = PBXFileReference; lastKnownFileType = sourcecode.swift; path = APIClient.swift; sourceTree = "<group>"; };
		B32F30F822854824000D2C6D /* URLSessionAPIClient.swift */ = {isa = PBXFileReference; lastKnownFileType = sourcecode.swift; path = URLSessionAPIClient.swift; sourceTree = "<group>"; };
		B32F30FB22854A0B000D2C6D /* ImageProviderTests.swift */ = {isa = PBXFileReference; lastKnownFileType = sourcecode.swift; path = ImageProviderTests.swift; sourceTree = "<group>"; };
		B32F30FD22854A1F000D2C6D /* FlickrPhotoSearchServiceTests.swift */ = {isa = PBXFileReference; lastKnownFileType = sourcecode.swift; path = FlickrPhotoSearchServiceTests.swift; sourceTree = "<group>"; };
		B3DC9B3D2280A941004A667A /* ImageSearchApp.app */ = {isa = PBXFileReference; explicitFileType = wrapper.application; includeInIndex = 0; path = ImageSearchApp.app; sourceTree = BUILT_PRODUCTS_DIR; };
		B3DC9B402280A941004A667A /* AppDelegate.swift */ = {isa = PBXFileReference; lastKnownFileType = sourcecode.swift; path = AppDelegate.swift; sourceTree = "<group>"; };
		B3DC9B422280A941004A667A /* PhotoSearchViewController.swift */ = {isa = PBXFileReference; lastKnownFileType = sourcecode.swift; path = PhotoSearchViewController.swift; sourceTree = "<group>"; };
		B3DC9B452280A941004A667A /* Base */ = {isa = PBXFileReference; lastKnownFileType = file.storyboard; name = Base; path = Base.lproj/Main.storyboard; sourceTree = "<group>"; };
		B3DC9B472280A946004A667A /* Assets.xcassets */ = {isa = PBXFileReference; lastKnownFileType = folder.assetcatalog; path = Assets.xcassets; sourceTree = "<group>"; };
		B3DC9B4A2280A946004A667A /* Base */ = {isa = PBXFileReference; lastKnownFileType = file.storyboard; name = Base; path = Base.lproj/LaunchScreen.storyboard; sourceTree = "<group>"; };
		B3DC9B4C2280A946004A667A /* Info.plist */ = {isa = PBXFileReference; lastKnownFileType = text.plist.xml; path = Info.plist; sourceTree = "<group>"; };
		B3DC9B512280A946004A667A /* ImageSearchAppTests.xctest */ = {isa = PBXFileReference; explicitFileType = wrapper.cfbundle; includeInIndex = 0; path = ImageSearchAppTests.xctest; sourceTree = BUILT_PRODUCTS_DIR; };
		B3DC9B572280A946004A667A /* Info.plist */ = {isa = PBXFileReference; lastKnownFileType = text.plist.xml; path = Info.plist; sourceTree = "<group>"; };
		B3DC9B622280AC6D004A667A /* Photo.swift */ = {isa = PBXFileReference; lastKnownFileType = sourcecode.swift; path = Photo.swift; sourceTree = "<group>"; };
		B3DC9B642280AD16004A667A /* FlickrPhoto.swift */ = {isa = PBXFileReference; lastKnownFileType = sourcecode.swift; path = FlickrPhoto.swift; sourceTree = "<group>"; };
		B3DC9B6B2280B030004A667A /* FlickrPhotoTests.swift */ = {isa = PBXFileReference; lastKnownFileType = sourcecode.swift; path = FlickrPhotoTests.swift; sourceTree = "<group>"; };
		B3DC9B6D2280CDAF004A667A /* FlickrPhotoSearchResult.swift */ = {isa = PBXFileReference; lastKnownFileType = sourcecode.swift; path = FlickrPhotoSearchResult.swift; sourceTree = "<group>"; };
		B3DC9B6F2280D23D004A667A /* FlickrPhotoSearchResultTests.swift */ = {isa = PBXFileReference; lastKnownFileType = sourcecode.swift; path = FlickrPhotoSearchResultTests.swift; sourceTree = "<group>"; };
/* End PBXFileReference section */

/* Begin PBXFrameworksBuildPhase section */
		B3DC9B3A2280A941004A667A /* Frameworks */ = {
			isa = PBXFrameworksBuildPhase;
			buildActionMask = 2147483647;
			files = (
			);
			runOnlyForDeploymentPostprocessing = 0;
		};
		B3DC9B4E2280A946004A667A /* Frameworks */ = {
			isa = PBXFrameworksBuildPhase;
			buildActionMask = 2147483647;
			files = (
			);
			runOnlyForDeploymentPostprocessing = 0;
		};
/* End PBXFrameworksBuildPhase section */

/* Begin PBXGroup section */
		B32F30F12281EEEB000D2C6D /* UI */ = {
			isa = PBXGroup;
			children = (
				B3DC9B422280A941004A667A /* PhotoSearchViewController.swift */,
				B32F30F22281EEFA000D2C6D /* PhotoCollectionViewCell.swift */,
			);
			path = UI;
			sourceTree = "<group>";
		};
		B32F30FA228549F8000D2C6D /* Services */ = {
			isa = PBXGroup;
			children = (
				B32F30FB22854A0B000D2C6D /* ImageProviderTests.swift */,
				B32F30FD22854A1F000D2C6D /* FlickrPhotoSearchServiceTests.swift */,
			);
			path = Services;
			sourceTree = "<group>";
		};
		B3DC9B342280A941004A667A = {
			isa = PBXGroup;
			children = (
				B3DC9B3F2280A941004A667A /* ImageSearchApp */,
				B3DC9B542280A946004A667A /* ImageSearchAppTests */,
				B3DC9B3E2280A941004A667A /* Products */,
			);
			sourceTree = "<group>";
		};
		B3DC9B3E2280A941004A667A /* Products */ = {
			isa = PBXGroup;
			children = (
				B3DC9B3D2280A941004A667A /* ImageSearchApp.app */,
				B3DC9B512280A946004A667A /* ImageSearchAppTests.xctest */,
			);
			name = Products;
			sourceTree = "<group>";
		};
		B3DC9B3F2280A941004A667A /* ImageSearchApp */ = {
			isa = PBXGroup;
			children = (
				B32F30F12281EEEB000D2C6D /* UI */,
				B3DC9B712281DBC6004A667A /* Services */,
				B3DC9B612280AC30004A667A /* Protocols */,
				B3DC9B602280AB59004A667A /* Models */,
				B3DC9B402280A941004A667A /* AppDelegate.swift */,
				B3DC9B442280A941004A667A /* Main.storyboard */,
				B3DC9B472280A946004A667A /* Assets.xcassets */,
				B3DC9B492280A946004A667A /* LaunchScreen.storyboard */,
				B3DC9B4C2280A946004A667A /* Info.plist */,
			);
			path = ImageSearchApp;
			sourceTree = "<group>";
		};
		B3DC9B542280A946004A667A /* ImageSearchAppTests */ = {
			isa = PBXGroup;
			children = (
				B32F30FA228549F8000D2C6D /* Services */,
				B3DC9B6A2280B013004A667A /* Models */,
				B3DC9B572280A946004A667A /* Info.plist */,
			);
			path = ImageSearchAppTests;
			sourceTree = "<group>";
		};
		B3DC9B602280AB59004A667A /* Models */ = {
			isa = PBXGroup;
			children = (
				B3DC9B642280AD16004A667A /* FlickrPhoto.swift */,
				B3DC9B6D2280CDAF004A667A /* FlickrPhotoSearchResult.swift */,
			);
			path = Models;
			sourceTree = "<group>";
		};
		B3DC9B612280AC30004A667A /* Protocols */ = {
			isa = PBXGroup;
			children = (
				B3DC9B622280AC6D004A667A /* Photo.swift */,
				B32F30ED2281DC8A000D2C6D /* PhotosService.swift */,
				B32F30F6228547F1000D2C6D /* APIClient.swift */,
			);
			path = Protocols;
			sourceTree = "<group>";
		};
		B3DC9B6A2280B013004A667A /* Models */ = {
			isa = PBXGroup;
			children = (
				B3DC9B6B2280B030004A667A /* FlickrPhotoTests.swift */,
				B3DC9B6F2280D23D004A667A /* FlickrPhotoSearchResultTests.swift */,
			);
			path = Models;
			sourceTree = "<group>";
		};
		B3DC9B712281DBC6004A667A /* Services */ = {
			isa = PBXGroup;
			children = (
				B32F30EF2281DD64000D2C6D /* FlickrPhotoSearchService.swift */,
				B32F30F422822343000D2C6D /* ImageProvider.swift */,
				B32F30F822854824000D2C6D /* URLSessionAPIClient.swift */,
			);
			path = Services;
			sourceTree = "<group>";
		};
/* End PBXGroup section */

/* Begin PBXNativeTarget section */
		B3DC9B3C2280A941004A667A /* ImageSearchApp */ = {
			isa = PBXNativeTarget;
			buildConfigurationList = B3DC9B5A2280A946004A667A /* Build configuration list for PBXNativeTarget "ImageSearchApp" */;
			buildPhases = (
				B3DC9B392280A941004A667A /* Sources */,
				B3DC9B3A2280A941004A667A /* Frameworks */,
				B3DC9B3B2280A941004A667A /* Resources */,
			);
			buildRules = (
			);
			dependencies = (
			);
			name = ImageSearchApp;
			productName = ImageSearchApp;
			productReference = B3DC9B3D2280A941004A667A /* ImageSearchApp.app */;
			productType = "com.apple.product-type.application";
		};
		B3DC9B502280A946004A667A /* ImageSearchAppTests */ = {
			isa = PBXNativeTarget;
			buildConfigurationList = B3DC9B5D2280A946004A667A /* Build configuration list for PBXNativeTarget "ImageSearchAppTests" */;
			buildPhases = (
				B3DC9B4D2280A946004A667A /* Sources */,
				B3DC9B4E2280A946004A667A /* Frameworks */,
				B3DC9B4F2280A946004A667A /* Resources */,
			);
			buildRules = (
			);
			dependencies = (
				B3DC9B532280A946004A667A /* PBXTargetDependency */,
			);
			name = ImageSearchAppTests;
			productName = ImageSearchAppTests;
			productReference = B3DC9B512280A946004A667A /* ImageSearchAppTests.xctest */;
			productType = "com.apple.product-type.bundle.unit-test";
		};
/* End PBXNativeTarget section */

/* Begin PBXProject section */
		B3DC9B352280A941004A667A /* Project object */ = {
			isa = PBXProject;
			attributes = {
				LastSwiftUpdateCheck = 1020;
				LastUpgradeCheck = 1020;
				ORGANIZATIONNAME = "Diego Marcon";
				TargetAttributes = {
					B3DC9B3C2280A941004A667A = {
						CreatedOnToolsVersion = 10.2.1;
					};
					B3DC9B502280A946004A667A = {
						CreatedOnToolsVersion = 10.2.1;
						TestTargetID = B3DC9B3C2280A941004A667A;
					};
				};
			};
			buildConfigurationList = B3DC9B382280A941004A667A /* Build configuration list for PBXProject "ImageSearchApp" */;
			compatibilityVersion = "Xcode 9.3";
			developmentRegion = en;
			hasScannedForEncodings = 0;
			knownRegions = (
				en,
				Base,
			);
			mainGroup = B3DC9B342280A941004A667A;
			productRefGroup = B3DC9B3E2280A941004A667A /* Products */;
			projectDirPath = "";
			projectRoot = "";
			targets = (
				B3DC9B3C2280A941004A667A /* ImageSearchApp */,
				B3DC9B502280A946004A667A /* ImageSearchAppTests */,
			);
		};
/* End PBXProject section */

/* Begin PBXResourcesBuildPhase section */
		B3DC9B3B2280A941004A667A /* Resources */ = {
			isa = PBXResourcesBuildPhase;
			buildActionMask = 2147483647;
			files = (
				B3DC9B4B2280A946004A667A /* LaunchScreen.storyboard in Resources */,
				B3DC9B482280A946004A667A /* Assets.xcassets in Resources */,
				B3DC9B462280A941004A667A /* Main.storyboard in Resources */,
			);
			runOnlyForDeploymentPostprocessing = 0;
		};
		B3DC9B4F2280A946004A667A /* Resources */ = {
			isa = PBXResourcesBuildPhase;
			buildActionMask = 2147483647;
			files = (
			);
			runOnlyForDeploymentPostprocessing = 0;
		};
/* End PBXResourcesBuildPhase section */

/* Begin PBXSourcesBuildPhase section */
		B3DC9B392280A941004A667A /* Sources */ = {
			isa = PBXSourcesBuildPhase;
			buildActionMask = 2147483647;
			files = (
				B32F30F02281DD64000D2C6D /* FlickrPhotoSearchService.swift in Sources */,
				B32F30F32281EEFA000D2C6D /* PhotoCollectionViewCell.swift in Sources */,
				B32F30F922854824000D2C6D /* URLSessionAPIClient.swift in Sources */,
				B3DC9B632280AC6D004A667A /* Photo.swift in Sources */,
				B32F30F7228547F1000D2C6D /* APIClient.swift in Sources */,
				B3DC9B652280AD16004A667A /* FlickrPhoto.swift in Sources */,
				B3DC9B6E2280CDAF004A667A /* FlickrPhotoSearchResult.swift in Sources */,
				B3DC9B432280A941004A667A /* PhotoSearchViewController.swift in Sources */,
				B32F30EE2281DC8A000D2C6D /* PhotosService.swift in Sources */,
				B3DC9B412280A941004A667A /* AppDelegate.swift in Sources */,
				B32F30F522822343000D2C6D /* ImageProvider.swift in Sources */,
			);
			runOnlyForDeploymentPostprocessing = 0;
		};
		B3DC9B4D2280A946004A667A /* Sources */ = {
			isa = PBXSourcesBuildPhase;
			buildActionMask = 2147483647;
			files = (
				B32F30FC22854A0B000D2C6D /* ImageProviderTests.swift in Sources */,
				B32F30FF22854CE1000D2C6D /* FlickrPhotoSearchServiceTests.swift in Sources */,
				B3DC9B6C2280B030004A667A /* FlickrPhotoTests.swift in Sources */,
				B3DC9B702280D23D004A667A /* FlickrPhotoSearchResultTests.swift in Sources */,
			);
			runOnlyForDeploymentPostprocessing = 0;
		};
/* End PBXSourcesBuildPhase section */

/* Begin PBXTargetDependency section */
		B3DC9B532280A946004A667A /* PBXTargetDependency */ = {
			isa = PBXTargetDependency;
			target = B3DC9B3C2280A941004A667A /* ImageSearchApp */;
			targetProxy = B3DC9B522280A946004A667A /* PBXContainerItemProxy */;
		};
/* End PBXTargetDependency section */

/* Begin PBXVariantGroup section */
		B3DC9B442280A941004A667A /* Main.storyboard */ = {
			isa = PBXVariantGroup;
			children = (
				B3DC9B452280A941004A667A /* Base */,
			);
			name = Main.storyboard;
			sourceTree = "<group>";
		};
		B3DC9B492280A946004A667A /* LaunchScreen.storyboard */ = {
			isa = PBXVariantGroup;
			children = (
				B3DC9B4A2280A946004A667A /* Base */,
			);
			name = LaunchScreen.storyboard;
			sourceTree = "<group>";
		};
/* End PBXVariantGroup section */

/* Begin XCBuildConfiguration section */
		B3DC9B582280A946004A667A /* Debug */ = {
			isa = XCBuildConfiguration;
			buildSettings = {
				ALWAYS_SEARCH_USER_PATHS = NO;
				CLANG_ANALYZER_NONNULL = YES;
				CLANG_ANALYZER_NUMBER_OBJECT_CONVERSION = YES_AGGRESSIVE;
				CLANG_CXX_LANGUAGE_STANDARD = "gnu++14";
				CLANG_CXX_LIBRARY = "libc++";
				CLANG_ENABLE_MODULES = YES;
				CLANG_ENABLE_OBJC_ARC = YES;
				CLANG_ENABLE_OBJC_WEAK = YES;
				CLANG_WARN_BLOCK_CAPTURE_AUTORELEASING = YES;
				CLANG_WARN_BOOL_CONVERSION = YES;
				CLANG_WARN_COMMA = YES;
				CLANG_WARN_CONSTANT_CONVERSION = YES;
				CLANG_WARN_DEPRECATED_OBJC_IMPLEMENTATIONS = YES;
				CLANG_WARN_DIRECT_OBJC_ISA_USAGE = YES_ERROR;
				CLANG_WARN_DOCUMENTATION_COMMENTS = YES;
				CLANG_WARN_EMPTY_BODY = YES;
				CLANG_WARN_ENUM_CONVERSION = YES;
				CLANG_WARN_INFINITE_RECURSION = YES;
				CLANG_WARN_INT_CONVERSION = YES;
				CLANG_WARN_NON_LITERAL_NULL_CONVERSION = YES;
				CLANG_WARN_OBJC_IMPLICIT_RETAIN_SELF = YES;
				CLANG_WARN_OBJC_LITERAL_CONVERSION = YES;
				CLANG_WARN_OBJC_ROOT_CLASS = YES_ERROR;
				CLANG_WARN_RANGE_LOOP_ANALYSIS = YES;
				CLANG_WARN_STRICT_PROTOTYPES = YES;
				CLANG_WARN_SUSPICIOUS_MOVE = YES;
				CLANG_WARN_UNGUARDED_AVAILABILITY = YES_AGGRESSIVE;
				CLANG_WARN_UNREACHABLE_CODE = YES;
				CLANG_WARN__DUPLICATE_METHOD_MATCH = YES;
				CODE_SIGN_IDENTITY = "iPhone Developer";
				COPY_PHASE_STRIP = NO;
				DEBUG_INFORMATION_FORMAT = dwarf;
				ENABLE_STRICT_OBJC_MSGSEND = YES;
				ENABLE_TESTABILITY = YES;
				GCC_C_LANGUAGE_STANDARD = gnu11;
				GCC_DYNAMIC_NO_PIC = NO;
				GCC_NO_COMMON_BLOCKS = YES;
				GCC_OPTIMIZATION_LEVEL = 0;
				GCC_PREPROCESSOR_DEFINITIONS = (
					"DEBUG=1",
					"$(inherited)",
				);
				GCC_WARN_64_TO_32_BIT_CONVERSION = YES;
				GCC_WARN_ABOUT_RETURN_TYPE = YES_ERROR;
				GCC_WARN_UNDECLARED_SELECTOR = YES;
				GCC_WARN_UNINITIALIZED_AUTOS = YES_AGGRESSIVE;
				GCC_WARN_UNUSED_FUNCTION = YES;
				GCC_WARN_UNUSED_VARIABLE = YES;
				IPHONEOS_DEPLOYMENT_TARGET = 12.2;
				MTL_ENABLE_DEBUG_INFO = INCLUDE_SOURCE;
				MTL_FAST_MATH = YES;
				ONLY_ACTIVE_ARCH = YES;
				SDKROOT = iphoneos;
				SWIFT_ACTIVE_COMPILATION_CONDITIONS = DEBUG;
				SWIFT_OPTIMIZATION_LEVEL = "-Onone";
			};
			name = Debug;
		};
		B3DC9B592280A946004A667A /* Release */ = {
			isa = XCBuildConfiguration;
			buildSettings = {
				ALWAYS_SEARCH_USER_PATHS = NO;
				CLANG_ANALYZER_NONNULL = YES;
				CLANG_ANALYZER_NUMBER_OBJECT_CONVERSION = YES_AGGRESSIVE;
				CLANG_CXX_LANGUAGE_STANDARD = "gnu++14";
				CLANG_CXX_LIBRARY = "libc++";
				CLANG_ENABLE_MODULES = YES;
				CLANG_ENABLE_OBJC_ARC = YES;
				CLANG_ENABLE_OBJC_WEAK = YES;
				CLANG_WARN_BLOCK_CAPTURE_AUTORELEASING = YES;
				CLANG_WARN_BOOL_CONVERSION = YES;
				CLANG_WARN_COMMA = YES;
				CLANG_WARN_CONSTANT_CONVERSION = YES;
				CLANG_WARN_DEPRECATED_OBJC_IMPLEMENTATIONS = YES;
				CLANG_WARN_DIRECT_OBJC_ISA_USAGE = YES_ERROR;
				CLANG_WARN_DOCUMENTATION_COMMENTS = YES;
				CLANG_WARN_EMPTY_BODY = YES;
				CLANG_WARN_ENUM_CONVERSION = YES;
				CLANG_WARN_INFINITE_RECURSION = YES;
				CLANG_WARN_INT_CONVERSION = YES;
				CLANG_WARN_NON_LITERAL_NULL_CONVERSION = YES;
				CLANG_WARN_OBJC_IMPLICIT_RETAIN_SELF = YES;
				CLANG_WARN_OBJC_LITERAL_CONVERSION = YES;
				CLANG_WARN_OBJC_ROOT_CLASS = YES_ERROR;
				CLANG_WARN_RANGE_LOOP_ANALYSIS = YES;
				CLANG_WARN_STRICT_PROTOTYPES = YES;
				CLANG_WARN_SUSPICIOUS_MOVE = YES;
				CLANG_WARN_UNGUARDED_AVAILABILITY = YES_AGGRESSIVE;
				CLANG_WARN_UNREACHABLE_CODE = YES;
				CLANG_WARN__DUPLICATE_METHOD_MATCH = YES;
				CODE_SIGN_IDENTITY = "iPhone Developer";
				COPY_PHASE_STRIP = NO;
				DEBUG_INFORMATION_FORMAT = "dwarf-with-dsym";
				ENABLE_NS_ASSERTIONS = NO;
				ENABLE_STRICT_OBJC_MSGSEND = YES;
				GCC_C_LANGUAGE_STANDARD = gnu11;
				GCC_NO_COMMON_BLOCKS = YES;
				GCC_WARN_64_TO_32_BIT_CONVERSION = YES;
				GCC_WARN_ABOUT_RETURN_TYPE = YES_ERROR;
				GCC_WARN_UNDECLARED_SELECTOR = YES;
				GCC_WARN_UNINITIALIZED_AUTOS = YES_AGGRESSIVE;
				GCC_WARN_UNUSED_FUNCTION = YES;
				GCC_WARN_UNUSED_VARIABLE = YES;
				IPHONEOS_DEPLOYMENT_TARGET = 12.2;
				MTL_ENABLE_DEBUG_INFO = NO;
				MTL_FAST_MATH = YES;
				SDKROOT = iphoneos;
				SWIFT_COMPILATION_MODE = wholemodule;
				SWIFT_OPTIMIZATION_LEVEL = "-O";
				VALIDATE_PRODUCT = YES;
			};
			name = Release;
		};
		B3DC9B5B2280A946004A667A /* Debug */ = {
			isa = XCBuildConfiguration;
			buildSettings = {
				ASSETCATALOG_COMPILER_APPICON_NAME = AppIcon;
				CODE_SIGN_STYLE = Manual;
				DEVELOPMENT_TEAM = "";
				INFOPLIST_FILE = ImageSearchApp/Info.plist;
				LD_RUNPATH_SEARCH_PATHS = (
					"$(inherited)",
					"@executable_path/Frameworks",
				);
				PRODUCT_BUNDLE_IDENTIFIER = com.marcon.ImageSearchApp;
				PRODUCT_NAME = "$(TARGET_NAME)";
				PROVISIONING_PROFILE_SPECIFIER = "";
				SWIFT_VERSION = 5.0;
				TARGETED_DEVICE_FAMILY = 1;
			};
			name = Debug;
		};
		B3DC9B5C2280A946004A667A /* Release */ = {
			isa = XCBuildConfiguration;
			buildSettings = {
				ASSETCATALOG_COMPILER_APPICON_NAME = AppIcon;
				CODE_SIGN_STYLE = Manual;
				DEVELOPMENT_TEAM = "";
				INFOPLIST_FILE = ImageSearchApp/Info.plist;
				LD_RUNPATH_SEARCH_PATHS = (
					"$(inherited)",
					"@executable_path/Frameworks",
				);
				PRODUCT_BUNDLE_IDENTIFIER = com.marcon.ImageSearchApp;
				PRODUCT_NAME = "$(TARGET_NAME)";
				PROVISIONING_PROFILE_SPECIFIER = "";
				SWIFT_VERSION = 5.0;
				TARGETED_DEVICE_FAMILY = 1;
			};
			name = Release;
		};
		B3DC9B5E2280A946004A667A /* Debug */ = {
			isa = XCBuildConfiguration;
			buildSettings = {
				ALWAYS_EMBED_SWIFT_STANDARD_LIBRARIES = YES;
				BUNDLE_LOADER = "$(TEST_HOST)";
				CODE_SIGN_STYLE = Automatic;
				INFOPLIST_FILE = ImageSearchAppTests/Info.plist;
				LD_RUNPATH_SEARCH_PATHS = (
					"$(inherited)",
					"@executable_path/Frameworks",
					"@loader_path/Frameworks",
				);
				PRODUCT_BUNDLE_IDENTIFIER = com.marcon.ImageSearchAppTests;
				PRODUCT_NAME = "$(TARGET_NAME)";
				SWIFT_VERSION = 5.0;
				TARGETED_DEVICE_FAMILY = "1,2";
				TEST_HOST = "$(BUILT_PRODUCTS_DIR)/ImageSearchApp.app/ImageSearchApp";
			};
			name = Debug;
		};
		B3DC9B5F2280A946004A667A /* Release */ = {
			isa = XCBuildConfiguration;
			buildSettings = {
				ALWAYS_EMBED_SWIFT_STANDARD_LIBRARIES = YES;
				BUNDLE_LOADER = "$(TEST_HOST)";
				CODE_SIGN_STYLE = Automatic;
				INFOPLIST_FILE = ImageSearchAppTests/Info.plist;
				LD_RUNPATH_SEARCH_PATHS = (
					"$(inherited)",
					"@executable_path/Frameworks",
					"@loader_path/Frameworks",
				);
				PRODUCT_BUNDLE_IDENTIFIER = com.marcon.ImageSearchAppTests;
				PRODUCT_NAME = "$(TARGET_NAME)";
				SWIFT_VERSION = 5.0;
				TARGETED_DEVICE_FAMILY = "1,2";
				TEST_HOST = "$(BUILT_PRODUCTS_DIR)/ImageSearchApp.app/ImageSearchApp";
			};
			name = Release;
		};
/* End XCBuildConfiguration section */

/* Begin XCConfigurationList section */
		B3DC9B382280A941004A667A /* Build configuration list for PBXProject "ImageSearchApp" */ = {
			isa = XCConfigurationList;
			buildConfigurations = (
				B3DC9B582280A946004A667A /* Debug */,
				B3DC9B592280A946004A667A /* Release */,
			);
			defaultConfigurationIsVisible = 0;
			defaultConfigurationName = Release;
		};
		B3DC9B5A2280A946004A667A /* Build configuration list for PBXNativeTarget "ImageSearchApp" */ = {
			isa = XCConfigurationList;
			buildConfigurations = (
				B3DC9B5B2280A946004A667A /* Debug */,
				B3DC9B5C2280A946004A667A /* Release */,
			);
			defaultConfigurationIsVisible = 0;
			defaultConfigurationName = Release;
		};
		B3DC9B5D2280A946004A667A /* Build configuration list for PBXNativeTarget "ImageSearchAppTests" */ = {
			isa = XCConfigurationList;
			buildConfigurations = (
				B3DC9B5E2280A946004A667A /* Debug */,
				B3DC9B5F2280A946004A667A /* Release */,
			);
			defaultConfigurationIsVisible = 0;
			defaultConfigurationName = Release;
		};
/* End XCConfigurationList section */
	};
	rootObject = B3DC9B352280A941004A667A /* Project object */;
}
